
Microsoft Visual Studio Solution File, Format Version 12.00
# Visual Studio 15
VisualStudioVersion = 15.0.28307.271
MinimumVisualStudioVersion = 10.0.40219.1
Project("{9A19103F-16F7-4668-BE54-9A1E7A4F7556}") = "Stratis.SmartContracts.Tools.Sct", "Stratis.SmartContracts.Tools.Sct\Stratis.SmartContracts.Tools.Sct.csproj", "{2E90E077-01C7-4CF9-BA7B-6E5A8BD2187F}"
EndProject
Project("{FAE04EC0-301F-11D3-BF4B-00C04F79EFBC}") = "Stratis.SmartContracts.Tools.Sct.Tests", "Stratis.SmartContracts.Tools.Sct.Tests\Stratis.SmartContracts.Tools.Sct.Tests.csproj", "{306644B0-AD93-498F-A7FC-68E43DE31E12}"
EndProject
Global
	GlobalSection(SolutionConfigurationPlatforms) = preSolution
		Debug|Any CPU = Debug|Any CPU
		Release|Any CPU = Release|Any CPU
	EndGlobalSection
	GlobalSection(ProjectConfigurationPlatforms) = postSolution
		{2E90E077-01C7-4CF9-BA7B-6E5A8BD2187F}.Debug|Any CPU.ActiveCfg = Debug|Any CPU
		{2E90E077-01C7-4CF9-BA7B-6E5A8BD2187F}.Debug|Any CPU.Build.0 = Debug|Any CPU
		{2E90E077-01C7-4CF9-BA7B-6E5A8BD2187F}.Release|Any CPU.ActiveCfg = Release|Any CPU
		{2E90E077-01C7-4CF9-BA7B-6E5A8BD2187F}.Release|Any CPU.Build.0 = Release|Any CPU
		{306644B0-AD93-498F-A7FC-68E43DE31E12}.Debug|Any CPU.ActiveCfg = Debug|Any CPU
		{306644B0-AD93-498F-A7FC-68E43DE31E12}.Debug|Any CPU.Build.0 = Debug|Any CPU
		{306644B0-AD93-498F-A7FC-68E43DE31E12}.Release|Any CPU.ActiveCfg = Release|Any CPU
		{306644B0-AD93-498F-A7FC-68E43DE31E12}.Release|Any CPU.Build.0 = Release|Any CPU
	EndGlobalSection
	GlobalSection(SolutionProperties) = preSolution
		HideSolutionNode = FALSE
	EndGlobalSection
	GlobalSection(ExtensibilityGlobals) = postSolution
		SolutionGuid = {FCD226CE-BCB6-4CAC-A7E8-E069F4794F37}
	EndGlobalSection
EndGlobal
