
Microsoft Visual Studio Solution File, Format Version 12.00
# Visual Studio 14
VisualStudioVersion = 14.0.25420.1
MinimumVisualStudioVersion = 10.0.40219.1
Project("{8BB2217D-0F2D-49D1-97BC-3654ED321F3B}") = "Stratis.Bitcoin", "Stratis.Bitcoin\Stratis.Bitcoin.xproj", "{094AECD5-E0D8-43A9-A0BD-39B01F51A1F2}"
EndProject
Project("{8BB2217D-0F2D-49D1-97BC-3654ED321F3B}") = "Stratis.Bitcoin.IntegrationTests", "Stratis.Bitcoin.IntegrationTests\Stratis.Bitcoin.IntegrationTests.xproj", "{800A5906-C050-4E75-9D7C-0CB1C404A0F8}"
EndProject
Project("{8BB2217D-0F2D-49D1-97BC-3654ED321F3B}") = "Stratis.BitcoinD", "Stratis.BitcoinD\Stratis.BitcoinD.xproj", "{878232F0-1FF1-4836-B5BC-E9B1279AA616}"
EndProject
Project("{8BB2217D-0F2D-49D1-97BC-3654ED321F3B}") = "Stratis.Bitcoin.Tests", "Stratis.Bitcoin.Tests\Stratis.Bitcoin.Tests.xproj", "{94FEB14E-D123-486D-A24D-D2BE725D96E3}"
EndProject
Global
	GlobalSection(SolutionConfigurationPlatforms) = preSolution
		Debug|Any CPU = Debug|Any CPU
		Release|Any CPU = Release|Any CPU
	EndGlobalSection
	GlobalSection(ProjectConfigurationPlatforms) = postSolution
		{094AECD5-E0D8-43A9-A0BD-39B01F51A1F2}.Debug|Any CPU.ActiveCfg = Debug|Any CPU
		{094AECD5-E0D8-43A9-A0BD-39B01F51A1F2}.Debug|Any CPU.Build.0 = Debug|Any CPU
		{094AECD5-E0D8-43A9-A0BD-39B01F51A1F2}.Release|Any CPU.ActiveCfg = Release|Any CPU
		{094AECD5-E0D8-43A9-A0BD-39B01F51A1F2}.Release|Any CPU.Build.0 = Release|Any CPU
		{800A5906-C050-4E75-9D7C-0CB1C404A0F8}.Debug|Any CPU.ActiveCfg = Debug|Any CPU
		{800A5906-C050-4E75-9D7C-0CB1C404A0F8}.Debug|Any CPU.Build.0 = Debug|Any CPU
		{800A5906-C050-4E75-9D7C-0CB1C404A0F8}.Release|Any CPU.ActiveCfg = Release|Any CPU
		{800A5906-C050-4E75-9D7C-0CB1C404A0F8}.Release|Any CPU.Build.0 = Release|Any CPU
		{878232F0-1FF1-4836-B5BC-E9B1279AA616}.Debug|Any CPU.ActiveCfg = Debug|Any CPU
		{878232F0-1FF1-4836-B5BC-E9B1279AA616}.Debug|Any CPU.Build.0 = Debug|Any CPU
		{878232F0-1FF1-4836-B5BC-E9B1279AA616}.Release|Any CPU.ActiveCfg = Release|Any CPU
		{878232F0-1FF1-4836-B5BC-E9B1279AA616}.Release|Any CPU.Build.0 = Release|Any CPU
		{94FEB14E-D123-486D-A24D-D2BE725D96E3}.Debug|Any CPU.ActiveCfg = Debug|Any CPU
		{94FEB14E-D123-486D-A24D-D2BE725D96E3}.Debug|Any CPU.Build.0 = Debug|Any CPU
		{94FEB14E-D123-486D-A24D-D2BE725D96E3}.Release|Any CPU.ActiveCfg = Release|Any CPU
		{94FEB14E-D123-486D-A24D-D2BE725D96E3}.Release|Any CPU.Build.0 = Release|Any CPU
	EndGlobalSection
	GlobalSection(SolutionProperties) = preSolution
		HideSolutionNode = FALSE
	EndGlobalSection
EndGlobal
