
Microsoft Visual Studio Solution File, Format Version 12.00
# Visual Studio 15
VisualStudioVersion = 15.0.26228.12
MinimumVisualStudioVersion = 10.0.40219.1
Project("{2150E333-8FDC-42A3-9474-1A3956D46DE8}") = "global", "global", "{5B331FD3-D493-46A9-928B-B786FC6F3103}"
	ProjectSection(SolutionItems) = preProject
		.editorconfig = .editorconfig
		global.json = global.json
	EndProjectSection
EndProject
Project("{9A19103F-16F7-4668-BE54-9A1E7A4F7556}") = "Stratis.Bitcoin", "Stratis.Bitcoin\Stratis.Bitcoin.csproj", "{094AECD5-E0D8-43A9-A0BD-39B01F51A1F2}"
EndProject
Project("{9A19103F-16F7-4668-BE54-9A1E7A4F7556}") = "Stratis.Bitcoin.IntegrationTests", "Stratis.Bitcoin.IntegrationTests\Stratis.Bitcoin.IntegrationTests.csproj", "{800A5906-C050-4E75-9D7C-0CB1C404A0F8}"
EndProject
Project("{9A19103F-16F7-4668-BE54-9A1E7A4F7556}") = "Stratis.BitcoinD", "Stratis.BitcoinD\Stratis.BitcoinD.csproj", "{878232F0-1FF1-4836-B5BC-E9B1279AA616}"
EndProject
Project("{9A19103F-16F7-4668-BE54-9A1E7A4F7556}") = "Stratis.Bitcoin.Tests", "Stratis.Bitcoin.Tests\Stratis.Bitcoin.Tests.csproj", "{94FEB14E-D123-486D-A24D-D2BE725D96E3}"
EndProject
Project("{9A19103F-16F7-4668-BE54-9A1E7A4F7556}") = "Stratis.StratisD", "Stratis.StratisD\Stratis.StratisD.csproj", "{34C17104-704E-4790-B398-D1F73CBEE31E}"
EndProject
Global
	GlobalSection(SolutionConfigurationPlatforms) = preSolution
		Debug|Any CPU = Debug|Any CPU
		Release|Any CPU = Release|Any CPU
	EndGlobalSection
	GlobalSection(ProjectConfigurationPlatforms) = postSolution
		{094AECD5-E0D8-43A9-A0BD-39B01F51A1F2}.Debug|Any CPU.ActiveCfg = Debug|Any CPU
		{094AECD5-E0D8-43A9-A0BD-39B01F51A1F2}.Debug|Any CPU.Build.0 = Debug|Any CPU
		{094AECD5-E0D8-43A9-A0BD-39B01F51A1F2}.Release|Any CPU.ActiveCfg = Release|Any CPU
		{094AECD5-E0D8-43A9-A0BD-39B01F51A1F2}.Release|Any CPU.Build.0 = Release|Any CPU
		{800A5906-C050-4E75-9D7C-0CB1C404A0F8}.Debug|Any CPU.ActiveCfg = Debug|Any CPU
		{800A5906-C050-4E75-9D7C-0CB1C404A0F8}.Debug|Any CPU.Build.0 = Debug|Any CPU
		{800A5906-C050-4E75-9D7C-0CB1C404A0F8}.Release|Any CPU.ActiveCfg = Release|Any CPU
		{800A5906-C050-4E75-9D7C-0CB1C404A0F8}.Release|Any CPU.Build.0 = Release|Any CPU
		{878232F0-1FF1-4836-B5BC-E9B1279AA616}.Debug|Any CPU.ActiveCfg = Debug|Any CPU
		{878232F0-1FF1-4836-B5BC-E9B1279AA616}.Debug|Any CPU.Build.0 = Debug|Any CPU
		{878232F0-1FF1-4836-B5BC-E9B1279AA616}.Release|Any CPU.ActiveCfg = Release|Any CPU
		{878232F0-1FF1-4836-B5BC-E9B1279AA616}.Release|Any CPU.Build.0 = Release|Any CPU
		{94FEB14E-D123-486D-A24D-D2BE725D96E3}.Debug|Any CPU.ActiveCfg = Debug|Any CPU
		{94FEB14E-D123-486D-A24D-D2BE725D96E3}.Debug|Any CPU.Build.0 = Debug|Any CPU
		{94FEB14E-D123-486D-A24D-D2BE725D96E3}.Release|Any CPU.ActiveCfg = Release|Any CPU
		{94FEB14E-D123-486D-A24D-D2BE725D96E3}.Release|Any CPU.Build.0 = Release|Any CPU
		{34C17104-704E-4790-B398-D1F73CBEE31E}.Debug|Any CPU.ActiveCfg = Debug|Any CPU
		{34C17104-704E-4790-B398-D1F73CBEE31E}.Debug|Any CPU.Build.0 = Debug|Any CPU
		{34C17104-704E-4790-B398-D1F73CBEE31E}.Release|Any CPU.ActiveCfg = Release|Any CPU
		{34C17104-704E-4790-B398-D1F73CBEE31E}.Release|Any CPU.Build.0 = Release|Any CPU
	EndGlobalSection
	GlobalSection(SolutionProperties) = preSolution
		HideSolutionNode = FALSE
	EndGlobalSection
EndGlobal
