
Microsoft Visual Studio Solution File, Format Version 12.00
# Visual Studio 15
VisualStudioVersion = 15.0.27004.2006
MinimumVisualStudioVersion = 10.0.40219.1
Project("{FAE04EC0-301F-11D3-BF4B-00C04F79EFBC}") = "Stratis.SidechainsD", "Stratis.SidechainsD\Stratis.SidechainsD.csproj", "{48793DBE-D85B-4EA6-9BFC-55611F229AF6}"
EndProject
Global
	GlobalSection(SolutionConfigurationPlatforms) = preSolution
		Debug|Any CPU = Debug|Any CPU
		Release|Any CPU = Release|Any CPU
	EndGlobalSection
	GlobalSection(ProjectConfigurationPlatforms) = postSolution
		{48793DBE-D85B-4EA6-9BFC-55611F229AF6}.Debug|Any CPU.ActiveCfg = Debug|Any CPU
		{48793DBE-D85B-4EA6-9BFC-55611F229AF6}.Debug|Any CPU.Build.0 = Debug|Any CPU
		{48793DBE-D85B-4EA6-9BFC-55611F229AF6}.Release|Any CPU.ActiveCfg = Release|Any CPU
		{48793DBE-D85B-4EA6-9BFC-55611F229AF6}.Release|Any CPU.Build.0 = Release|Any CPU
	EndGlobalSection
	GlobalSection(SolutionProperties) = preSolution
		HideSolutionNode = FALSE
	EndGlobalSection
	GlobalSection(ExtensibilityGlobals) = postSolution
		SolutionGuid = {034BDA2C-1CEE-4128-B444-CE1D425CB11C}
	EndGlobalSection
EndGlobal
