
Microsoft Visual Studio Solution File, Format Version 12.00
# Visual Studio 15
VisualStudioVersion = 15.0.27004.2009
MinimumVisualStudioVersion = 10.0.40219.1
Project("{9A19103F-16F7-4668-BE54-9A1E7A4F7556}") = "FederationSetup", "FedKeyPairGen\FederationSetup.csproj", "{E72E7605-B499-4078-ACD9-13BD6B052321}"
EndProject
Project("{9A19103F-16F7-4668-BE54-9A1E7A4F7556}") = "Stratis.FederatedPeg.Tests", "Stratis.FederatedPeg.Tests\Stratis.FederatedPeg.Tests.csproj", "{C08CA036-D47D-40CF-83E3-F09EF5EC7515}"
EndProject
Project("{9A19103F-16F7-4668-BE54-9A1E7A4F7556}") = "Stratis.FederatedPeg.Features.FederationGateway", "Stratis.FederatedPeg.Features.FederationGateway\Stratis.FederatedPeg.Features.FederationGateway.csproj", "{2B5A4BFC-1894-47E6-B66B-529A1E796ADF}"
EndProject
Project("{9A19103F-16F7-4668-BE54-9A1E7A4F7556}") = "Stratis.FederationGatewayD", "Stratis.FederationGatewayD\Stratis.FederationGatewayD.csproj", "{147DE180-A113-4E52-B542-B56B1F0276FB}"
EndProject
Project("{9A19103F-16F7-4668-BE54-9A1E7A4F7556}") = "Stratis.FederatedSidechains.Initialisation", "Stratis.FederatedSidechains.Initialisation\Stratis.FederatedSidechains.Initialisation.csproj", "{3526B5DB-8E08-445F-9DCE-65566491D94F}"
EndProject
Project("{9A19103F-16F7-4668-BE54-9A1E7A4F7556}") = "Stratis.FederatedSidechains.Initialisation.Tests", "Stratis.FederatedSidechains.Initialisation.Tests\Stratis.FederatedSidechains.Initialisation.Tests.csproj", "{3D106928-3A8E-4EB1-9F9A-45856DBAA16B}"
EndProject
Project("{9A19103F-16F7-4668-BE54-9A1E7A4F7556}") = "Stratis.SidechainD", "Stratis.SidechainD\Stratis.SidechainD.csproj", "{C3FF2EF8-50B6-43D8-AC78-BCFEBF7DE394}"
EndProject
Project("{9A19103F-16F7-4668-BE54-9A1E7A4F7556}") = "Stratis.Sidechains.Networks", "Stratis.Sidechains.Networks\Stratis.Sidechains.Networks.csproj", "{C5D390A9-1E08-47DE-BAAB-0AA9FC69CCC2}"
EndProject
Project("{2150E333-8FDC-42A3-9474-1A3956D46DE8}") = "Tests", "Tests", "{EEF9F276-23FB-4CC2-AF47-0E646EB2F6F1}"
EndProject
Project("{2150E333-8FDC-42A3-9474-1A3956D46DE8}") = "Sidechain Generation", "Sidechain Generation", "{4B9DEF95-A336-404B-908D-E1BFA1DB2DA9}"
EndProject
Project("{9A19103F-16F7-4668-BE54-9A1E7A4F7556}") = "Stratis.FederatedPeg.IntegrationTests", "Stratis.FederatedPeg.IntegrationTests\Stratis.FederatedPeg.IntegrationTests.csproj", "{A8CA48FA-A725-412D-9EC4-1BA7BA7177B2}"
EndProject
Project("{9A19103F-16F7-4668-BE54-9A1E7A4F7556}") = "Stratis.FederatedSidechains.AdminDashboard", "Stratis.FederatedSidechains.AdminDashboard\Stratis.FederatedSidechains.AdminDashboard.csproj", "{2D99612E-84FE-4D46-AB3C-B6A4C08828E9}"
EndProject
Project("{9A19103F-16F7-4668-BE54-9A1E7A4F7556}") = "Stratis.SidechainDnsD", "Stratis.SidechainDnsD\Stratis.SidechainDnsD.csproj", "{C6A25E69-CB21-464D-91D0-9C390849C62E}"
EndProject
Project("{FAE04EC0-301F-11D3-BF4B-00C04F79EFBC}") = "Stratis.FederatedPeg.IntegrationTests.Tools", "Stratis.FederatedPeg.IntegrationTests.Tools\Stratis.FederatedPeg.IntegrationTests.Tools.csproj", "{7764E567-47B8-481C-A078-7B3E427F217E}"
EndProject
Global
	GlobalSection(SolutionConfigurationPlatforms) = preSolution
		Debug|Any CPU = Debug|Any CPU
		Release|Any CPU = Release|Any CPU
	EndGlobalSection
	GlobalSection(ProjectConfigurationPlatforms) = postSolution
		{E72E7605-B499-4078-ACD9-13BD6B052321}.Debug|Any CPU.ActiveCfg = Debug|Any CPU
		{E72E7605-B499-4078-ACD9-13BD6B052321}.Debug|Any CPU.Build.0 = Debug|Any CPU
		{E72E7605-B499-4078-ACD9-13BD6B052321}.Release|Any CPU.ActiveCfg = Release|Any CPU
		{E72E7605-B499-4078-ACD9-13BD6B052321}.Release|Any CPU.Build.0 = Release|Any CPU
		{C08CA036-D47D-40CF-83E3-F09EF5EC7515}.Debug|Any CPU.ActiveCfg = Debug|Any CPU
		{C08CA036-D47D-40CF-83E3-F09EF5EC7515}.Debug|Any CPU.Build.0 = Debug|Any CPU
		{C08CA036-D47D-40CF-83E3-F09EF5EC7515}.Release|Any CPU.ActiveCfg = Release|Any CPU
		{C08CA036-D47D-40CF-83E3-F09EF5EC7515}.Release|Any CPU.Build.0 = Release|Any CPU
		{2B5A4BFC-1894-47E6-B66B-529A1E796ADF}.Debug|Any CPU.ActiveCfg = Debug|Any CPU
		{2B5A4BFC-1894-47E6-B66B-529A1E796ADF}.Debug|Any CPU.Build.0 = Debug|Any CPU
		{2B5A4BFC-1894-47E6-B66B-529A1E796ADF}.Release|Any CPU.ActiveCfg = Release|Any CPU
		{2B5A4BFC-1894-47E6-B66B-529A1E796ADF}.Release|Any CPU.Build.0 = Release|Any CPU
		{147DE180-A113-4E52-B542-B56B1F0276FB}.Debug|Any CPU.ActiveCfg = Debug|Any CPU
		{147DE180-A113-4E52-B542-B56B1F0276FB}.Debug|Any CPU.Build.0 = Debug|Any CPU
		{147DE180-A113-4E52-B542-B56B1F0276FB}.Release|Any CPU.ActiveCfg = Release|Any CPU
		{147DE180-A113-4E52-B542-B56B1F0276FB}.Release|Any CPU.Build.0 = Release|Any CPU
		{3526B5DB-8E08-445F-9DCE-65566491D94F}.Debug|Any CPU.ActiveCfg = Debug|Any CPU
		{3526B5DB-8E08-445F-9DCE-65566491D94F}.Debug|Any CPU.Build.0 = Debug|Any CPU
		{3526B5DB-8E08-445F-9DCE-65566491D94F}.Release|Any CPU.ActiveCfg = Release|Any CPU
		{3526B5DB-8E08-445F-9DCE-65566491D94F}.Release|Any CPU.Build.0 = Release|Any CPU
		{3D106928-3A8E-4EB1-9F9A-45856DBAA16B}.Debug|Any CPU.ActiveCfg = Debug|Any CPU
		{3D106928-3A8E-4EB1-9F9A-45856DBAA16B}.Debug|Any CPU.Build.0 = Debug|Any CPU
		{3D106928-3A8E-4EB1-9F9A-45856DBAA16B}.Release|Any CPU.ActiveCfg = Release|Any CPU
		{3D106928-3A8E-4EB1-9F9A-45856DBAA16B}.Release|Any CPU.Build.0 = Release|Any CPU
		{C3FF2EF8-50B6-43D8-AC78-BCFEBF7DE394}.Debug|Any CPU.ActiveCfg = Debug|Any CPU
		{C3FF2EF8-50B6-43D8-AC78-BCFEBF7DE394}.Debug|Any CPU.Build.0 = Debug|Any CPU
		{C3FF2EF8-50B6-43D8-AC78-BCFEBF7DE394}.Release|Any CPU.ActiveCfg = Release|Any CPU
		{C3FF2EF8-50B6-43D8-AC78-BCFEBF7DE394}.Release|Any CPU.Build.0 = Release|Any CPU
		{C5D390A9-1E08-47DE-BAAB-0AA9FC69CCC2}.Debug|Any CPU.ActiveCfg = Debug|Any CPU
		{C5D390A9-1E08-47DE-BAAB-0AA9FC69CCC2}.Debug|Any CPU.Build.0 = Debug|Any CPU
		{C5D390A9-1E08-47DE-BAAB-0AA9FC69CCC2}.Release|Any CPU.ActiveCfg = Release|Any CPU
		{C5D390A9-1E08-47DE-BAAB-0AA9FC69CCC2}.Release|Any CPU.Build.0 = Release|Any CPU
		{A8CA48FA-A725-412D-9EC4-1BA7BA7177B2}.Debug|Any CPU.ActiveCfg = Debug|Any CPU
		{A8CA48FA-A725-412D-9EC4-1BA7BA7177B2}.Debug|Any CPU.Build.0 = Debug|Any CPU
		{A8CA48FA-A725-412D-9EC4-1BA7BA7177B2}.Release|Any CPU.ActiveCfg = Release|Any CPU
		{A8CA48FA-A725-412D-9EC4-1BA7BA7177B2}.Release|Any CPU.Build.0 = Release|Any CPU
		{2D99612E-84FE-4D46-AB3C-B6A4C08828E9}.Debug|Any CPU.ActiveCfg = Debug|Any CPU
		{2D99612E-84FE-4D46-AB3C-B6A4C08828E9}.Debug|Any CPU.Build.0 = Debug|Any CPU
		{2D99612E-84FE-4D46-AB3C-B6A4C08828E9}.Release|Any CPU.ActiveCfg = Release|Any CPU
		{2D99612E-84FE-4D46-AB3C-B6A4C08828E9}.Release|Any CPU.Build.0 = Release|Any CPU
		{C6A25E69-CB21-464D-91D0-9C390849C62E}.Debug|Any CPU.ActiveCfg = Debug|Any CPU
		{C6A25E69-CB21-464D-91D0-9C390849C62E}.Debug|Any CPU.Build.0 = Debug|Any CPU
		{C6A25E69-CB21-464D-91D0-9C390849C62E}.Release|Any CPU.ActiveCfg = Release|Any CPU
		{C6A25E69-CB21-464D-91D0-9C390849C62E}.Release|Any CPU.Build.0 = Release|Any CPU
		{7764E567-47B8-481C-A078-7B3E427F217E}.Debug|Any CPU.ActiveCfg = Debug|Any CPU
		{7764E567-47B8-481C-A078-7B3E427F217E}.Debug|Any CPU.Build.0 = Debug|Any CPU
		{7764E567-47B8-481C-A078-7B3E427F217E}.Release|Any CPU.ActiveCfg = Release|Any CPU
		{7764E567-47B8-481C-A078-7B3E427F217E}.Release|Any CPU.Build.0 = Release|Any CPU
	EndGlobalSection
	GlobalSection(SolutionProperties) = preSolution
		HideSolutionNode = FALSE
	EndGlobalSection
	GlobalSection(NestedProjects) = preSolution
		{E72E7605-B499-4078-ACD9-13BD6B052321} = {4B9DEF95-A336-404B-908D-E1BFA1DB2DA9}
		{C08CA036-D47D-40CF-83E3-F09EF5EC7515} = {EEF9F276-23FB-4CC2-AF47-0E646EB2F6F1}
		{3526B5DB-8E08-445F-9DCE-65566491D94F} = {4B9DEF95-A336-404B-908D-E1BFA1DB2DA9}
		{3D106928-3A8E-4EB1-9F9A-45856DBAA16B} = {EEF9F276-23FB-4CC2-AF47-0E646EB2F6F1}
		{A8CA48FA-A725-412D-9EC4-1BA7BA7177B2} = {EEF9F276-23FB-4CC2-AF47-0E646EB2F6F1}
		{7764E567-47B8-481C-A078-7B3E427F217E} = {EEF9F276-23FB-4CC2-AF47-0E646EB2F6F1}
	EndGlobalSection
	GlobalSection(ExtensibilityGlobals) = postSolution
		SolutionGuid = {034BDA2C-1CEE-4128-B444-CE1D425CB11C}
	EndGlobalSection
EndGlobal
