
Microsoft Visual Studio Solution File, Format Version 12.00
# Visual Studio 15
VisualStudioVersion = 15.0.27130.2027
MinimumVisualStudioVersion = 10.0.40219.1
Project("{2150E333-8FDC-42A3-9474-1A3956D46DE8}") = "global", "global", "{5B331FD3-D493-46A9-928B-B786FC6F3103}"
	ProjectSection(SolutionItems) = preProject
		.editorconfig = .editorconfig
		Directory.Build.props = Directory.Build.props
		None.ruleset = None.ruleset
		Stratis.ruleset = Stratis.ruleset
		stylecop.json = stylecop.json
	EndProjectSection
EndProject
Project("{9A19103F-16F7-4668-BE54-9A1E7A4F7556}") = "Stratis.Bitcoin", "Stratis.Bitcoin\Stratis.Bitcoin.csproj", "{094AECD5-E0D8-43A9-A0BD-39B01F51A1F2}"
EndProject
Project("{9A19103F-16F7-4668-BE54-9A1E7A4F7556}") = "Stratis.Bitcoin.IntegrationTests", "Stratis.Bitcoin.IntegrationTests\Stratis.Bitcoin.IntegrationTests.csproj", "{800A5906-C050-4E75-9D7C-0CB1C404A0F8}"
EndProject
Project("{9A19103F-16F7-4668-BE54-9A1E7A4F7556}") = "Stratis.BitcoinD", "Stratis.BitcoinD\Stratis.BitcoinD.csproj", "{878232F0-1FF1-4836-B5BC-E9B1279AA616}"
EndProject
Project("{9A19103F-16F7-4668-BE54-9A1E7A4F7556}") = "Stratis.Bitcoin.Tests", "Stratis.Bitcoin.Tests\Stratis.Bitcoin.Tests.csproj", "{94FEB14E-D123-486D-A24D-D2BE725D96E3}"
EndProject
Project("{9A19103F-16F7-4668-BE54-9A1E7A4F7556}") = "Stratis.StratisD", "Stratis.StratisD\Stratis.StratisD.csproj", "{34C17104-704E-4790-B398-D1F73CBEE31E}"
EndProject
Project("{2150E333-8FDC-42A3-9474-1A3956D46DE8}") = "External", "External", "{1B9A916F-DDAC-4675-B424-EDEDC1A58231}"
EndProject
Project("{9A19103F-16F7-4668-BE54-9A1E7A4F7556}") = "Stratis.Bitcoin.Api.Tests", "Stratis.Bitcoin.Api.Tests\Stratis.Bitcoin.Api.Tests.csproj", "{E538B76A-513F-46D5-9F14-E35E79B484CA}"
EndProject
Project("{9A19103F-16F7-4668-BE54-9A1E7A4F7556}") = "Stratis.Bitcoin.Features.LightWallet", "Stratis.Bitcoin.Features.LightWallet\Stratis.Bitcoin.Features.LightWallet.csproj", "{B03C69FA-F8AE-4037-B241-821DD00BC0E4}"
EndProject
Project("{9A19103F-16F7-4668-BE54-9A1E7A4F7556}") = "Stratis.Bitcoin.Features.WatchOnlyWallet", "Stratis.Bitcoin.Features.WatchOnlyWallet\Stratis.Bitcoin.Features.WatchOnlyWallet.csproj", "{87C7B091-95DA-4818-B4D5-DF403A483F53}"
EndProject
Project("{9A19103F-16F7-4668-BE54-9A1E7A4F7556}") = "Stratis.Bitcoin.Features.WatchOnlyWallet.Tests", "Stratis.Bitcoin.Features.WatchOnlyWallet.Tests\Stratis.Bitcoin.Features.WatchOnlyWallet.Tests.csproj", "{6E821949-A691-49DB-AC40-42D4CD759546}"
EndProject
Project("{9A19103F-16F7-4668-BE54-9A1E7A4F7556}") = "Stratis.Bitcoin.Features.RPC", "Stratis.Bitcoin.Features.RPC\Stratis.Bitcoin.Features.RPC.csproj", "{5E0010F1-50B8-4FC5-A9C2-38D7DF73A0D2}"
EndProject
Project("{9A19103F-16F7-4668-BE54-9A1E7A4F7556}") = "Stratis.Bitcoin.Features.RPC.Tests", "Stratis.Bitcoin.Features.RPC.Tests\Stratis.Bitcoin.Features.RPC.Tests.csproj", "{1B33E5B8-7162-4DA9-834F-4BE5E236CEBD}"
EndProject
Project("{9A19103F-16F7-4668-BE54-9A1E7A4F7556}") = "Stratis.Bitcoin.Features.Miner", "Stratis.Bitcoin.Features.Miner\Stratis.Bitcoin.Features.Miner.csproj", "{22B296FE-26B4-4B84-8CF5-614F9D3716A6}"
EndProject
Project("{9A19103F-16F7-4668-BE54-9A1E7A4F7556}") = "Stratis.Bitcoin.Features.Wallet", "Stratis.Bitcoin.Features.Wallet\Stratis.Bitcoin.Features.Wallet.csproj", "{6650A6CC-3B56-4D86-8DAA-FD0C8830113A}"
EndProject
Project("{9A19103F-16F7-4668-BE54-9A1E7A4F7556}") = "Stratis.Bitcoin.Features.Wallet.Tests", "Stratis.Bitcoin.Features.Wallet.Tests\Stratis.Bitcoin.Features.Wallet.Tests.csproj", "{42F81858-3CE9-4C9B-BA36-378FE36600E1}"
EndProject
Project("{9A19103F-16F7-4668-BE54-9A1E7A4F7556}") = "Stratis.Bitcoin.Features.BlockStore", "Stratis.Bitcoin.Features.BlockStore\Stratis.Bitcoin.Features.BlockStore.csproj", "{528DB00C-F8AE-4703-80E5-ECC37AC56A9E}"
EndProject
Project("{9A19103F-16F7-4668-BE54-9A1E7A4F7556}") = "Stratis.Bitcoin.Features.BlockStore.Tests", "Stratis.Bitcoin.Features.BlockStore.Tests\Stratis.Bitcoin.Features.BlockStore.Tests.csproj", "{8B3DE868-8062-42C6-8D8A-A905A0D25DE4}"
EndProject
Project("{9A19103F-16F7-4668-BE54-9A1E7A4F7556}") = "Stratis.Bitcoin.Features.MemoryPool", "Stratis.Bitcoin.Features.MemoryPool\Stratis.Bitcoin.Features.MemoryPool.csproj", "{AFDF6339-EE03-4F76-BFB5-024713230D91}"
EndProject
Project("{9A19103F-16F7-4668-BE54-9A1E7A4F7556}") = "Stratis.Bitcoin.Features.MemoryPool.Tests", "Stratis.Bitcoin.Features.MemoryPool.Tests\Stratis.Bitcoin.Features.MemoryPool.Tests.csproj", "{0735CA29-50F0-4D29-9CDD-8121437D8170}"
EndProject
Project("{9A19103F-16F7-4668-BE54-9A1E7A4F7556}") = "Stratis.Bitcoin.Features.Notifications", "Stratis.Bitcoin.Features.Notifications\Stratis.Bitcoin.Features.Notifications.csproj", "{5D10A9EE-C328-43EC-B9EF-A6B683AD44C3}"
EndProject
Project("{9A19103F-16F7-4668-BE54-9A1E7A4F7556}") = "Stratis.Bitcoin.Features.Notifications.Tests", "Stratis.Bitcoin.Features.Notifications.Tests\Stratis.Bitcoin.Features.Notifications.Tests.csproj", "{4EB83447-271F-458D-8899-F2FB2C087CBE}"
EndProject
Project("{9A19103F-16F7-4668-BE54-9A1E7A4F7556}") = "Stratis.Bitcoin.Features.Consensus", "Stratis.Bitcoin.Features.Consensus\Stratis.Bitcoin.Features.Consensus.csproj", "{75C364C1-0785-4EDD-9DB8-B0B21F27573C}"
EndProject
Project("{9A19103F-16F7-4668-BE54-9A1E7A4F7556}") = "Stratis.Bitcoin.Features.Consensus.Tests", "Stratis.Bitcoin.Features.Consensus.Tests\Stratis.Bitcoin.Features.Consensus.Tests.csproj", "{84433C94-9CB7-4D6F-B2C1-C16B6F7F277C}"
EndProject
Project("{9A19103F-16F7-4668-BE54-9A1E7A4F7556}") = "Stratis.Bitcoin.Cli", "Stratis.Bitcoin.Cli\Stratis.Bitcoin.Cli.csproj", "{BCC67768-8333-4723-842D-1A79C084CE3B}"
EndProject
Project("{9A19103F-16F7-4668-BE54-9A1E7A4F7556}") = "Stratis.BreezeD", "Stratis.BreezeD\Stratis.BreezeD.csproj", "{0A73F282-3138-4BBB-83CB-5EA720C4CCA8}"
EndProject
Project("{2150E333-8FDC-42A3-9474-1A3956D46DE8}") = "Tests", "Tests", "{EAE139C2-B19C-4905-9117-8A4068ABD3D2}"
EndProject
Project("{2150E333-8FDC-42A3-9474-1A3956D46DE8}") = "Features", "Features", "{15D29FFD-6142-4DC5-AFFD-10BA0CA55C45}"
EndProject
Project("{9A19103F-16F7-4668-BE54-9A1E7A4F7556}") = "Stratis.Bitcoin.Features.Api", "Stratis.Bitcoin.Features.Api\Stratis.Bitcoin.Features.Api.csproj", "{FB78D861-F3DF-412D-8A3D-D1756ADA39D4}"
EndProject
Project("{2150E333-8FDC-42A3-9474-1A3956D46DE8}") = "Solution Items", "Solution Items", "{8A1638E4-4D1B-46EE-8F5B-76282EB33041}"
	ProjectSection(SolutionItems) = preProject
		..\.travis.yml = ..\.travis.yml
		..\appveyor.yml = ..\appveyor.yml
		..\build.sh = ..\build.sh
		..\PushNuget.ps1 = ..\PushNuget.ps1
		..\PushSCNuget.ps1 = ..\PushSCNuget.ps1
	EndProjectSection
EndProject
Project("{9A19103F-16F7-4668-BE54-9A1E7A4F7556}") = "NBitcoin", "NBitcoin\NBitcoin.csproj", "{2051FCAC-D4C7-498D-B935-2E9E6DEA0C29}"
EndProject
Project("{9A19103F-16F7-4668-BE54-9A1E7A4F7556}") = "NBitcoin.Tests", "NBitcoin.Tests\NBitcoin.Tests.csproj", "{D97693D7-6A83-4143-83D8-621AC545D961}"
EndProject
Project("{9A19103F-16F7-4668-BE54-9A1E7A4F7556}") = "Stratis.Bitcoin.Features.Miner.Tests", "Stratis.Bitcoin.Features.Miner.Tests\Stratis.Bitcoin.Features.Miner.Tests.csproj", "{59F274B7-0FC5-4AD6-A8AE-27BF6F15CC12}"
EndProject
Project("{9A19103F-16F7-4668-BE54-9A1E7A4F7556}") = "Stratis.Bitcoin.Features.Dns", "Stratis.Bitcoin.Features.Dns\Stratis.Bitcoin.Features.Dns.csproj", "{6181B889-81B0-4A1E-A29F-E20DCD8BFC1F}"
EndProject
Project("{9A19103F-16F7-4668-BE54-9A1E7A4F7556}") = "Stratis.Bitcoin.Features.Dns.Tests", "Stratis.Bitcoin.Features.Dns.Tests\Stratis.Bitcoin.Features.Dns.Tests.csproj", "{CB7A2800-8E98-4CD5-A88A-832E03AF7ABF}"
EndProject
Project("{9A19103F-16F7-4668-BE54-9A1E7A4F7556}") = "Stratis.StratisDnsD", "Stratis.StratisDnsD\Stratis.StratisDnsD.csproj", "{978482B2-AE17-421E-AD6F-ED9667C6B8A1}"
EndProject
Project("{9A19103F-16F7-4668-BE54-9A1E7A4F7556}") = "Stratis.Bitcoin.Tests.Wallet.Common", "Stratis.Bitcoin.Tests.Wallet.Common\Stratis.Bitcoin.Tests.Wallet.Common.csproj", "{A52CC0A6-D860-418C-8B08-8A1388D96D71}"
EndProject
Project("{9A19103F-16F7-4668-BE54-9A1E7A4F7556}") = "Stratis.Bitcoin.Tests.Common", "Stratis.Bitcoin.Tests.Common\Stratis.Bitcoin.Tests.Common.csproj", "{2B3B9594-5074-48CE-BFC5-DA02B56C16CA}"
EndProject
Project("{9A19103F-16F7-4668-BE54-9A1E7A4F7556}") = "Stratis.Bitcoin.IntegrationTests.Common", "Stratis.Bitcoin.IntegrationTests.Common\Stratis.Bitcoin.IntegrationTests.Common.csproj", "{B20B4F10-E43C-4BCC-B30C-856234BEA09F}"
EndProject
Project("{9A19103F-16F7-4668-BE54-9A1E7A4F7556}") = "Stratis.Bitcoin.Features.SmartContracts", "Stratis.Bitcoin.Features.SmartContracts\Stratis.Bitcoin.Features.SmartContracts.csproj", "{8434A954-52E4-4C8E-81F6-502CA828507B}"
EndProject
Project("{9A19103F-16F7-4668-BE54-9A1E7A4F7556}") = "Stratis.Bitcoin.Features.SmartContracts.Tests", "Stratis.Bitcoin.Features.SmartContracts.Tests\Stratis.Bitcoin.Features.SmartContracts.Tests.csproj", "{38F19BA9-EA00-4EB5-952A-0FAF43FFAA3D}"
EndProject
Project("{9A19103F-16F7-4668-BE54-9A1E7A4F7556}") = "Stratis.StratisSmartContractsD", "Stratis.StratisSmartContractsD\Stratis.StratisSmartContractsD.csproj", "{59067644-24F7-437A-9C4D-2A7AD431C5F9}"
EndProject
Project("{9A19103F-16F7-4668-BE54-9A1E7A4F7556}") = "Stratis.SmartContracts.Core", "Stratis.SmartContracts.Core\Stratis.SmartContracts.Core.csproj", "{979B426B-1083-48EC-902D-462DEE8127F8}"
EndProject
Project("{9A19103F-16F7-4668-BE54-9A1E7A4F7556}") = "Stratis.SmartContracts.CLR.Validation", "Stratis.SmartContracts.CLR.Validation\Stratis.SmartContracts.CLR.Validation.csproj", "{143DEC12-3B3E-421A-A724-D00BE552D546}"
EndProject
Project("{9A19103F-16F7-4668-BE54-9A1E7A4F7556}") = "Stratis.SmartContracts.CLR", "Stratis.SmartContracts.CLR\Stratis.SmartContracts.CLR.csproj", "{246B2AEE-EC8B-4BCA-A6AC-959F5651AE4F}"
EndProject
Project("{9A19103F-16F7-4668-BE54-9A1E7A4F7556}") = "Stratis.Bitcoin.Features.Apps.Tests", "Stratis.Bitcoin.Features.Apps.Tests\Stratis.Bitcoin.Features.Apps.Tests.csproj", "{C139889D-F480-4AEE-BA76-81C73B97AD30}"
EndProject
Project("{9A19103F-16F7-4668-BE54-9A1E7A4F7556}") = "Stratis.Bitcoin.Features.Apps", "Stratis.Bitcoin.Features.Apps\Stratis.Bitcoin.Features.Apps.csproj", "{FF6DDE2B-CF33-438F-BCC8-B1E109AB2472}"
EndProject
Project("{9A19103F-16F7-4668-BE54-9A1E7A4F7556}") = "Stratis.Bitcoin.Apps.Browser", "Stratis.Bitcoin.Apps.Browser\Stratis.Bitcoin.Apps.Browser.csproj", "{6A4C72BF-E818-45B1-9DD4-562C7C6F31C8}"
EndProject
Project("{2150E333-8FDC-42A3-9474-1A3956D46DE8}") = "Apps", "Apps", "{A6FF48E5-310A-4606-B435-D24B6B348F8C}"
EndProject
Project("{9A19103F-16F7-4668-BE54-9A1E7A4F7556}") = "Stratis.Bitcoin.Networks", "Stratis.Bitcoin.Networks\Stratis.Bitcoin.Networks.csproj", "{C1D739B1-79CB-4D42-8147-3A31D1B84868}"
EndProject
Project("{9A19103F-16F7-4668-BE54-9A1E7A4F7556}") = "Stratis.SmartContracts.CLR.Validation.Tests", "Stratis.SmartContracts.CLR.Validation.Tests\Stratis.SmartContracts.CLR.Validation.Tests.csproj", "{247C062D-8A16-4DD8-93B4-1D1C3D49B498}"
EndProject
Project("{9A19103F-16F7-4668-BE54-9A1E7A4F7556}") = "Stratis.SmartContracts.IntegrationTests", "Stratis.SmartContracts.IntegrationTests\Stratis.SmartContracts.IntegrationTests.csproj", "{BBE830D7-3AD3-41D9-8257-8CAA06F38E40}"
EndProject
Project("{9A19103F-16F7-4668-BE54-9A1E7A4F7556}") = "Stratis.Bitcoin.Features.PoA", "Stratis.Bitcoin.Features.PoA\Stratis.Bitcoin.Features.PoA.csproj", "{7DFE2D04-EA64-45C9-B5F6-89B435E7C8B6}"
EndProject
Project("{9A19103F-16F7-4668-BE54-9A1E7A4F7556}") = "Stratis.Bitcoin.Features.PoA.Tests", "Stratis.Bitcoin.Features.PoA.Tests\Stratis.Bitcoin.Features.PoA.Tests.csproj", "{A8EDFB26-17B5-48C0-BF38-E521EF5476E4}"
EndProject
Project("{9A19103F-16F7-4668-BE54-9A1E7A4F7556}") = "Stratis.PoAChainD", "Stratis.PoAChainD\Stratis.PoAChainD.csproj", "{C3DBEB3F-490C-479C-9CE9-6AFBC4C1415D}"
EndProject
Project("{9A19103F-16F7-4668-BE54-9A1E7A4F7556}") = "Stratis.SmartContracts.Networks", "Stratis.SmartContracts.Networks\Stratis.SmartContracts.Networks.csproj", "{D45CAF59-5133-4995-AED2-EC6C3D41E3E3}"
EndProject
Project("{2150E333-8FDC-42A3-9474-1A3956D46DE8}") = "bips", "bips", "{D73CF3DE-0673-4846-B68F-ECFB836F14ED}"
EndProject
Project("{2150E333-8FDC-42A3-9474-1A3956D46DE8}") = "bip-0009", "bip-0009", "{A1DA94FF-5E0F-42F6-BC11-00680E4B9302}"
	ProjectSection(SolutionItems) = preProject
		assignments.mediawiki = assignments.mediawiki
	EndProjectSection
EndProject
Project("{9A19103F-16F7-4668-BE54-9A1E7A4F7556}") = "Stratis.Bitcoin.Features.ColdStaking", "Stratis.Bitcoin.Features.ColdStaking\Stratis.Bitcoin.Features.ColdStaking.csproj", "{072C5F7C-4B75-46C9-A54D-774DA77ED1D1}"
EndProject
Project("{9A19103F-16F7-4668-BE54-9A1E7A4F7556}") = "Stratis.Bitcoin.Features.ColdStaking.Tests", "Stratis.Bitcoin.Features.ColdStaking.Tests\Stratis.Bitcoin.Features.ColdStaking.Tests.csproj", "{0FE19EFE-98D7-4243-A8CC-30BCFFFC4499}"
EndProject
Project("{9A19103F-16F7-4668-BE54-9A1E7A4F7556}") = "Stratis.Bitcoin.Features.PoA.IntegrationTests", "Stratis.Bitcoin.Features.PoA.IntegrationTests\Stratis.Bitcoin.Features.PoA.IntegrationTests.csproj", "{73CDDF96-B025-46F1-AFF1-121B3830AD81}"
EndProject
Project("{9A19103F-16F7-4668-BE54-9A1E7A4F7556}") = "Stratis.SmartContracts.Tests.Common", "Stratis.SmartContracts.Tests.Common\Stratis.SmartContracts.Tests.Common.csproj", "{EABB9170-7F7C-404B-A248-DFB5A13879BA}"
EndProject
Project("{9A19103F-16F7-4668-BE54-9A1E7A4F7556}") = "Stratis.Bitcoin.Features.PoA.IntegrationTests.Common", "Stratis.Bitcoin.Features.PoA.IntegrationTests.Common\Stratis.Bitcoin.Features.PoA.IntegrationTests.Common.csproj", "{6E5AA962-D466-4E9E-B682-6BB9CD96B6F8}"
EndProject
Project("{9A19103F-16F7-4668-BE54-9A1E7A4F7556}") = "Stratis.SmartContracts.RuntimeObserver", "Stratis.SmartContracts.RuntimeObserver\Stratis.SmartContracts.RuntimeObserver.csproj", "{8FEFF18B-3546-4237-8FD1-9F184BC7B4C7}"
EndProject
Project("{9A19103F-16F7-4668-BE54-9A1E7A4F7556}") = "Stratis.SmartContracts.CLR.Tests", "Stratis.SmartContracts.CLR.Tests\Stratis.SmartContracts.CLR.Tests.csproj", "{E98CB412-9684-4061-8E76-B6CD12A3C32A}"
EndProject
Project("{9A19103F-16F7-4668-BE54-9A1E7A4F7556}") = "Stratis.SmartContracts.Core.Tests", "Stratis.SmartContracts.Core.Tests\Stratis.SmartContracts.Core.Tests.csproj", "{A1CF9560-A6A0-4270-9569-0D117AFA799C}"
EndProject
Global
	GlobalSection(SolutionConfigurationPlatforms) = preSolution
		Debug|Any CPU = Debug|Any CPU
		Release|Any CPU = Release|Any CPU
	EndGlobalSection
	GlobalSection(ProjectConfigurationPlatforms) = postSolution
		{094AECD5-E0D8-43A9-A0BD-39B01F51A1F2}.Debug|Any CPU.ActiveCfg = Debug|Any CPU
		{094AECD5-E0D8-43A9-A0BD-39B01F51A1F2}.Debug|Any CPU.Build.0 = Debug|Any CPU
		{094AECD5-E0D8-43A9-A0BD-39B01F51A1F2}.Release|Any CPU.ActiveCfg = Release|Any CPU
		{094AECD5-E0D8-43A9-A0BD-39B01F51A1F2}.Release|Any CPU.Build.0 = Release|Any CPU
		{800A5906-C050-4E75-9D7C-0CB1C404A0F8}.Debug|Any CPU.ActiveCfg = Debug|Any CPU
		{800A5906-C050-4E75-9D7C-0CB1C404A0F8}.Debug|Any CPU.Build.0 = Debug|Any CPU
		{800A5906-C050-4E75-9D7C-0CB1C404A0F8}.Release|Any CPU.ActiveCfg = Release|Any CPU
		{800A5906-C050-4E75-9D7C-0CB1C404A0F8}.Release|Any CPU.Build.0 = Release|Any CPU
		{878232F0-1FF1-4836-B5BC-E9B1279AA616}.Debug|Any CPU.ActiveCfg = Debug|Any CPU
		{878232F0-1FF1-4836-B5BC-E9B1279AA616}.Debug|Any CPU.Build.0 = Debug|Any CPU
		{878232F0-1FF1-4836-B5BC-E9B1279AA616}.Release|Any CPU.ActiveCfg = Release|Any CPU
		{878232F0-1FF1-4836-B5BC-E9B1279AA616}.Release|Any CPU.Build.0 = Release|Any CPU
		{94FEB14E-D123-486D-A24D-D2BE725D96E3}.Debug|Any CPU.ActiveCfg = Debug|Any CPU
		{94FEB14E-D123-486D-A24D-D2BE725D96E3}.Debug|Any CPU.Build.0 = Debug|Any CPU
		{94FEB14E-D123-486D-A24D-D2BE725D96E3}.Release|Any CPU.ActiveCfg = Release|Any CPU
		{94FEB14E-D123-486D-A24D-D2BE725D96E3}.Release|Any CPU.Build.0 = Release|Any CPU
		{34C17104-704E-4790-B398-D1F73CBEE31E}.Debug|Any CPU.ActiveCfg = Debug|Any CPU
		{34C17104-704E-4790-B398-D1F73CBEE31E}.Debug|Any CPU.Build.0 = Debug|Any CPU
		{34C17104-704E-4790-B398-D1F73CBEE31E}.Release|Any CPU.ActiveCfg = Release|Any CPU
		{34C17104-704E-4790-B398-D1F73CBEE31E}.Release|Any CPU.Build.0 = Release|Any CPU
		{E538B76A-513F-46D5-9F14-E35E79B484CA}.Debug|Any CPU.ActiveCfg = Debug|Any CPU
		{E538B76A-513F-46D5-9F14-E35E79B484CA}.Debug|Any CPU.Build.0 = Debug|Any CPU
		{E538B76A-513F-46D5-9F14-E35E79B484CA}.Release|Any CPU.ActiveCfg = Release|Any CPU
		{E538B76A-513F-46D5-9F14-E35E79B484CA}.Release|Any CPU.Build.0 = Release|Any CPU
		{B03C69FA-F8AE-4037-B241-821DD00BC0E4}.Debug|Any CPU.ActiveCfg = Debug|Any CPU
		{B03C69FA-F8AE-4037-B241-821DD00BC0E4}.Debug|Any CPU.Build.0 = Debug|Any CPU
		{B03C69FA-F8AE-4037-B241-821DD00BC0E4}.Release|Any CPU.ActiveCfg = Release|Any CPU
		{B03C69FA-F8AE-4037-B241-821DD00BC0E4}.Release|Any CPU.Build.0 = Release|Any CPU
		{87C7B091-95DA-4818-B4D5-DF403A483F53}.Debug|Any CPU.ActiveCfg = Debug|Any CPU
		{87C7B091-95DA-4818-B4D5-DF403A483F53}.Debug|Any CPU.Build.0 = Debug|Any CPU
		{87C7B091-95DA-4818-B4D5-DF403A483F53}.Release|Any CPU.ActiveCfg = Release|Any CPU
		{87C7B091-95DA-4818-B4D5-DF403A483F53}.Release|Any CPU.Build.0 = Release|Any CPU
		{6E821949-A691-49DB-AC40-42D4CD759546}.Debug|Any CPU.ActiveCfg = Debug|Any CPU
		{6E821949-A691-49DB-AC40-42D4CD759546}.Debug|Any CPU.Build.0 = Debug|Any CPU
		{6E821949-A691-49DB-AC40-42D4CD759546}.Release|Any CPU.ActiveCfg = Release|Any CPU
		{6E821949-A691-49DB-AC40-42D4CD759546}.Release|Any CPU.Build.0 = Release|Any CPU
		{5E0010F1-50B8-4FC5-A9C2-38D7DF73A0D2}.Debug|Any CPU.ActiveCfg = Debug|Any CPU
		{5E0010F1-50B8-4FC5-A9C2-38D7DF73A0D2}.Debug|Any CPU.Build.0 = Debug|Any CPU
		{5E0010F1-50B8-4FC5-A9C2-38D7DF73A0D2}.Release|Any CPU.ActiveCfg = Release|Any CPU
		{5E0010F1-50B8-4FC5-A9C2-38D7DF73A0D2}.Release|Any CPU.Build.0 = Release|Any CPU
		{1B33E5B8-7162-4DA9-834F-4BE5E236CEBD}.Debug|Any CPU.ActiveCfg = Debug|Any CPU
		{1B33E5B8-7162-4DA9-834F-4BE5E236CEBD}.Debug|Any CPU.Build.0 = Debug|Any CPU
		{1B33E5B8-7162-4DA9-834F-4BE5E236CEBD}.Release|Any CPU.ActiveCfg = Release|Any CPU
		{1B33E5B8-7162-4DA9-834F-4BE5E236CEBD}.Release|Any CPU.Build.0 = Release|Any CPU
		{22B296FE-26B4-4B84-8CF5-614F9D3716A6}.Debug|Any CPU.ActiveCfg = Debug|Any CPU
		{22B296FE-26B4-4B84-8CF5-614F9D3716A6}.Debug|Any CPU.Build.0 = Debug|Any CPU
		{22B296FE-26B4-4B84-8CF5-614F9D3716A6}.Release|Any CPU.ActiveCfg = Release|Any CPU
		{22B296FE-26B4-4B84-8CF5-614F9D3716A6}.Release|Any CPU.Build.0 = Release|Any CPU
		{6650A6CC-3B56-4D86-8DAA-FD0C8830113A}.Debug|Any CPU.ActiveCfg = Debug|Any CPU
		{6650A6CC-3B56-4D86-8DAA-FD0C8830113A}.Debug|Any CPU.Build.0 = Debug|Any CPU
		{6650A6CC-3B56-4D86-8DAA-FD0C8830113A}.Release|Any CPU.ActiveCfg = Release|Any CPU
		{6650A6CC-3B56-4D86-8DAA-FD0C8830113A}.Release|Any CPU.Build.0 = Release|Any CPU
		{42F81858-3CE9-4C9B-BA36-378FE36600E1}.Debug|Any CPU.ActiveCfg = Debug|Any CPU
		{42F81858-3CE9-4C9B-BA36-378FE36600E1}.Debug|Any CPU.Build.0 = Debug|Any CPU
		{42F81858-3CE9-4C9B-BA36-378FE36600E1}.Release|Any CPU.ActiveCfg = Release|Any CPU
		{42F81858-3CE9-4C9B-BA36-378FE36600E1}.Release|Any CPU.Build.0 = Release|Any CPU
		{528DB00C-F8AE-4703-80E5-ECC37AC56A9E}.Debug|Any CPU.ActiveCfg = Debug|Any CPU
		{528DB00C-F8AE-4703-80E5-ECC37AC56A9E}.Debug|Any CPU.Build.0 = Debug|Any CPU
		{528DB00C-F8AE-4703-80E5-ECC37AC56A9E}.Release|Any CPU.ActiveCfg = Release|Any CPU
		{528DB00C-F8AE-4703-80E5-ECC37AC56A9E}.Release|Any CPU.Build.0 = Release|Any CPU
		{8B3DE868-8062-42C6-8D8A-A905A0D25DE4}.Debug|Any CPU.ActiveCfg = Debug|Any CPU
		{8B3DE868-8062-42C6-8D8A-A905A0D25DE4}.Debug|Any CPU.Build.0 = Debug|Any CPU
		{8B3DE868-8062-42C6-8D8A-A905A0D25DE4}.Release|Any CPU.ActiveCfg = Release|Any CPU
		{8B3DE868-8062-42C6-8D8A-A905A0D25DE4}.Release|Any CPU.Build.0 = Release|Any CPU
		{AFDF6339-EE03-4F76-BFB5-024713230D91}.Debug|Any CPU.ActiveCfg = Debug|Any CPU
		{AFDF6339-EE03-4F76-BFB5-024713230D91}.Debug|Any CPU.Build.0 = Debug|Any CPU
		{AFDF6339-EE03-4F76-BFB5-024713230D91}.Release|Any CPU.ActiveCfg = Release|Any CPU
		{AFDF6339-EE03-4F76-BFB5-024713230D91}.Release|Any CPU.Build.0 = Release|Any CPU
		{0735CA29-50F0-4D29-9CDD-8121437D8170}.Debug|Any CPU.ActiveCfg = Debug|Any CPU
		{0735CA29-50F0-4D29-9CDD-8121437D8170}.Debug|Any CPU.Build.0 = Debug|Any CPU
		{0735CA29-50F0-4D29-9CDD-8121437D8170}.Release|Any CPU.ActiveCfg = Release|Any CPU
		{0735CA29-50F0-4D29-9CDD-8121437D8170}.Release|Any CPU.Build.0 = Release|Any CPU
		{5D10A9EE-C328-43EC-B9EF-A6B683AD44C3}.Debug|Any CPU.ActiveCfg = Debug|Any CPU
		{5D10A9EE-C328-43EC-B9EF-A6B683AD44C3}.Debug|Any CPU.Build.0 = Debug|Any CPU
		{5D10A9EE-C328-43EC-B9EF-A6B683AD44C3}.Release|Any CPU.ActiveCfg = Release|Any CPU
		{5D10A9EE-C328-43EC-B9EF-A6B683AD44C3}.Release|Any CPU.Build.0 = Release|Any CPU
		{4EB83447-271F-458D-8899-F2FB2C087CBE}.Debug|Any CPU.ActiveCfg = Debug|Any CPU
		{4EB83447-271F-458D-8899-F2FB2C087CBE}.Debug|Any CPU.Build.0 = Debug|Any CPU
		{4EB83447-271F-458D-8899-F2FB2C087CBE}.Release|Any CPU.ActiveCfg = Release|Any CPU
		{4EB83447-271F-458D-8899-F2FB2C087CBE}.Release|Any CPU.Build.0 = Release|Any CPU
		{75C364C1-0785-4EDD-9DB8-B0B21F27573C}.Debug|Any CPU.ActiveCfg = Debug|Any CPU
		{75C364C1-0785-4EDD-9DB8-B0B21F27573C}.Debug|Any CPU.Build.0 = Debug|Any CPU
		{75C364C1-0785-4EDD-9DB8-B0B21F27573C}.Release|Any CPU.ActiveCfg = Release|Any CPU
		{75C364C1-0785-4EDD-9DB8-B0B21F27573C}.Release|Any CPU.Build.0 = Release|Any CPU
		{84433C94-9CB7-4D6F-B2C1-C16B6F7F277C}.Debug|Any CPU.ActiveCfg = Debug|Any CPU
		{84433C94-9CB7-4D6F-B2C1-C16B6F7F277C}.Debug|Any CPU.Build.0 = Debug|Any CPU
		{84433C94-9CB7-4D6F-B2C1-C16B6F7F277C}.Release|Any CPU.ActiveCfg = Release|Any CPU
		{84433C94-9CB7-4D6F-B2C1-C16B6F7F277C}.Release|Any CPU.Build.0 = Release|Any CPU
		{BCC67768-8333-4723-842D-1A79C084CE3B}.Debug|Any CPU.ActiveCfg = Debug|Any CPU
		{BCC67768-8333-4723-842D-1A79C084CE3B}.Debug|Any CPU.Build.0 = Debug|Any CPU
		{BCC67768-8333-4723-842D-1A79C084CE3B}.Release|Any CPU.ActiveCfg = Release|Any CPU
		{BCC67768-8333-4723-842D-1A79C084CE3B}.Release|Any CPU.Build.0 = Release|Any CPU
		{0A73F282-3138-4BBB-83CB-5EA720C4CCA8}.Debug|Any CPU.ActiveCfg = Debug|Any CPU
		{0A73F282-3138-4BBB-83CB-5EA720C4CCA8}.Debug|Any CPU.Build.0 = Debug|Any CPU
		{0A73F282-3138-4BBB-83CB-5EA720C4CCA8}.Release|Any CPU.ActiveCfg = Release|Any CPU
		{0A73F282-3138-4BBB-83CB-5EA720C4CCA8}.Release|Any CPU.Build.0 = Release|Any CPU
		{FB78D861-F3DF-412D-8A3D-D1756ADA39D4}.Debug|Any CPU.ActiveCfg = Debug|Any CPU
		{FB78D861-F3DF-412D-8A3D-D1756ADA39D4}.Debug|Any CPU.Build.0 = Debug|Any CPU
		{FB78D861-F3DF-412D-8A3D-D1756ADA39D4}.Release|Any CPU.ActiveCfg = Release|Any CPU
		{FB78D861-F3DF-412D-8A3D-D1756ADA39D4}.Release|Any CPU.Build.0 = Release|Any CPU
		{2051FCAC-D4C7-498D-B935-2E9E6DEA0C29}.Debug|Any CPU.ActiveCfg = Debug|Any CPU
		{2051FCAC-D4C7-498D-B935-2E9E6DEA0C29}.Debug|Any CPU.Build.0 = Debug|Any CPU
		{2051FCAC-D4C7-498D-B935-2E9E6DEA0C29}.Release|Any CPU.ActiveCfg = Release|Any CPU
		{2051FCAC-D4C7-498D-B935-2E9E6DEA0C29}.Release|Any CPU.Build.0 = Release|Any CPU
		{D97693D7-6A83-4143-83D8-621AC545D961}.Debug|Any CPU.ActiveCfg = Debug|Any CPU
		{D97693D7-6A83-4143-83D8-621AC545D961}.Debug|Any CPU.Build.0 = Debug|Any CPU
		{D97693D7-6A83-4143-83D8-621AC545D961}.Release|Any CPU.ActiveCfg = Release|Any CPU
		{D97693D7-6A83-4143-83D8-621AC545D961}.Release|Any CPU.Build.0 = Release|Any CPU
		{59F274B7-0FC5-4AD6-A8AE-27BF6F15CC12}.Debug|Any CPU.ActiveCfg = Debug|Any CPU
		{59F274B7-0FC5-4AD6-A8AE-27BF6F15CC12}.Debug|Any CPU.Build.0 = Debug|Any CPU
		{59F274B7-0FC5-4AD6-A8AE-27BF6F15CC12}.Release|Any CPU.ActiveCfg = Release|Any CPU
		{59F274B7-0FC5-4AD6-A8AE-27BF6F15CC12}.Release|Any CPU.Build.0 = Release|Any CPU
		{6181B889-81B0-4A1E-A29F-E20DCD8BFC1F}.Debug|Any CPU.ActiveCfg = Debug|Any CPU
		{6181B889-81B0-4A1E-A29F-E20DCD8BFC1F}.Debug|Any CPU.Build.0 = Debug|Any CPU
		{6181B889-81B0-4A1E-A29F-E20DCD8BFC1F}.Release|Any CPU.ActiveCfg = Release|Any CPU
		{6181B889-81B0-4A1E-A29F-E20DCD8BFC1F}.Release|Any CPU.Build.0 = Release|Any CPU
		{CB7A2800-8E98-4CD5-A88A-832E03AF7ABF}.Debug|Any CPU.ActiveCfg = Debug|Any CPU
		{CB7A2800-8E98-4CD5-A88A-832E03AF7ABF}.Debug|Any CPU.Build.0 = Debug|Any CPU
		{CB7A2800-8E98-4CD5-A88A-832E03AF7ABF}.Release|Any CPU.ActiveCfg = Release|Any CPU
		{CB7A2800-8E98-4CD5-A88A-832E03AF7ABF}.Release|Any CPU.Build.0 = Release|Any CPU
		{978482B2-AE17-421E-AD6F-ED9667C6B8A1}.Debug|Any CPU.ActiveCfg = Debug|Any CPU
		{978482B2-AE17-421E-AD6F-ED9667C6B8A1}.Debug|Any CPU.Build.0 = Debug|Any CPU
		{978482B2-AE17-421E-AD6F-ED9667C6B8A1}.Release|Any CPU.ActiveCfg = Release|Any CPU
		{978482B2-AE17-421E-AD6F-ED9667C6B8A1}.Release|Any CPU.Build.0 = Release|Any CPU
		{A52CC0A6-D860-418C-8B08-8A1388D96D71}.Debug|Any CPU.ActiveCfg = Debug|Any CPU
		{A52CC0A6-D860-418C-8B08-8A1388D96D71}.Debug|Any CPU.Build.0 = Debug|Any CPU
		{A52CC0A6-D860-418C-8B08-8A1388D96D71}.Release|Any CPU.ActiveCfg = Release|Any CPU
		{A52CC0A6-D860-418C-8B08-8A1388D96D71}.Release|Any CPU.Build.0 = Release|Any CPU
		{2B3B9594-5074-48CE-BFC5-DA02B56C16CA}.Debug|Any CPU.ActiveCfg = Debug|Any CPU
		{2B3B9594-5074-48CE-BFC5-DA02B56C16CA}.Debug|Any CPU.Build.0 = Debug|Any CPU
		{2B3B9594-5074-48CE-BFC5-DA02B56C16CA}.Release|Any CPU.ActiveCfg = Release|Any CPU
		{2B3B9594-5074-48CE-BFC5-DA02B56C16CA}.Release|Any CPU.Build.0 = Release|Any CPU
		{B20B4F10-E43C-4BCC-B30C-856234BEA09F}.Debug|Any CPU.ActiveCfg = Debug|Any CPU
		{B20B4F10-E43C-4BCC-B30C-856234BEA09F}.Debug|Any CPU.Build.0 = Debug|Any CPU
		{B20B4F10-E43C-4BCC-B30C-856234BEA09F}.Release|Any CPU.ActiveCfg = Release|Any CPU
		{B20B4F10-E43C-4BCC-B30C-856234BEA09F}.Release|Any CPU.Build.0 = Release|Any CPU
		{8434A954-52E4-4C8E-81F6-502CA828507B}.Debug|Any CPU.ActiveCfg = Debug|Any CPU
		{8434A954-52E4-4C8E-81F6-502CA828507B}.Debug|Any CPU.Build.0 = Debug|Any CPU
		{8434A954-52E4-4C8E-81F6-502CA828507B}.Release|Any CPU.ActiveCfg = Release|Any CPU
		{8434A954-52E4-4C8E-81F6-502CA828507B}.Release|Any CPU.Build.0 = Release|Any CPU
		{38F19BA9-EA00-4EB5-952A-0FAF43FFAA3D}.Debug|Any CPU.ActiveCfg = Debug|Any CPU
		{38F19BA9-EA00-4EB5-952A-0FAF43FFAA3D}.Debug|Any CPU.Build.0 = Debug|Any CPU
		{38F19BA9-EA00-4EB5-952A-0FAF43FFAA3D}.Release|Any CPU.ActiveCfg = Release|Any CPU
		{38F19BA9-EA00-4EB5-952A-0FAF43FFAA3D}.Release|Any CPU.Build.0 = Release|Any CPU
		{59067644-24F7-437A-9C4D-2A7AD431C5F9}.Debug|Any CPU.ActiveCfg = Debug|Any CPU
		{59067644-24F7-437A-9C4D-2A7AD431C5F9}.Debug|Any CPU.Build.0 = Debug|Any CPU
		{59067644-24F7-437A-9C4D-2A7AD431C5F9}.Release|Any CPU.ActiveCfg = Release|Any CPU
		{59067644-24F7-437A-9C4D-2A7AD431C5F9}.Release|Any CPU.Build.0 = Release|Any CPU
		{979B426B-1083-48EC-902D-462DEE8127F8}.Debug|Any CPU.ActiveCfg = Debug|Any CPU
		{979B426B-1083-48EC-902D-462DEE8127F8}.Debug|Any CPU.Build.0 = Debug|Any CPU
		{979B426B-1083-48EC-902D-462DEE8127F8}.Release|Any CPU.ActiveCfg = Release|Any CPU
		{979B426B-1083-48EC-902D-462DEE8127F8}.Release|Any CPU.Build.0 = Release|Any CPU
		{143DEC12-3B3E-421A-A724-D00BE552D546}.Debug|Any CPU.ActiveCfg = Debug|Any CPU
		{143DEC12-3B3E-421A-A724-D00BE552D546}.Debug|Any CPU.Build.0 = Debug|Any CPU
		{143DEC12-3B3E-421A-A724-D00BE552D546}.Release|Any CPU.ActiveCfg = Release|Any CPU
		{143DEC12-3B3E-421A-A724-D00BE552D546}.Release|Any CPU.Build.0 = Release|Any CPU
		{246B2AEE-EC8B-4BCA-A6AC-959F5651AE4F}.Debug|Any CPU.ActiveCfg = Debug|Any CPU
		{246B2AEE-EC8B-4BCA-A6AC-959F5651AE4F}.Debug|Any CPU.Build.0 = Debug|Any CPU
		{246B2AEE-EC8B-4BCA-A6AC-959F5651AE4F}.Release|Any CPU.ActiveCfg = Release|Any CPU
		{246B2AEE-EC8B-4BCA-A6AC-959F5651AE4F}.Release|Any CPU.Build.0 = Release|Any CPU
		{C139889D-F480-4AEE-BA76-81C73B97AD30}.Debug|Any CPU.ActiveCfg = Debug|Any CPU
		{C139889D-F480-4AEE-BA76-81C73B97AD30}.Debug|Any CPU.Build.0 = Debug|Any CPU
		{C139889D-F480-4AEE-BA76-81C73B97AD30}.Release|Any CPU.ActiveCfg = Release|Any CPU
		{C139889D-F480-4AEE-BA76-81C73B97AD30}.Release|Any CPU.Build.0 = Release|Any CPU
		{FF6DDE2B-CF33-438F-BCC8-B1E109AB2472}.Debug|Any CPU.ActiveCfg = Debug|Any CPU
		{FF6DDE2B-CF33-438F-BCC8-B1E109AB2472}.Debug|Any CPU.Build.0 = Debug|Any CPU
		{FF6DDE2B-CF33-438F-BCC8-B1E109AB2472}.Release|Any CPU.ActiveCfg = Release|Any CPU
		{FF6DDE2B-CF33-438F-BCC8-B1E109AB2472}.Release|Any CPU.Build.0 = Release|Any CPU
		{6A4C72BF-E818-45B1-9DD4-562C7C6F31C8}.Debug|Any CPU.ActiveCfg = Debug|Any CPU
		{6A4C72BF-E818-45B1-9DD4-562C7C6F31C8}.Debug|Any CPU.Build.0 = Debug|Any CPU
		{6A4C72BF-E818-45B1-9DD4-562C7C6F31C8}.Release|Any CPU.ActiveCfg = Release|Any CPU
		{6A4C72BF-E818-45B1-9DD4-562C7C6F31C8}.Release|Any CPU.Build.0 = Release|Any CPU
		{C1D739B1-79CB-4D42-8147-3A31D1B84868}.Debug|Any CPU.ActiveCfg = Debug|Any CPU
		{C1D739B1-79CB-4D42-8147-3A31D1B84868}.Debug|Any CPU.Build.0 = Debug|Any CPU
		{C1D739B1-79CB-4D42-8147-3A31D1B84868}.Release|Any CPU.ActiveCfg = Release|Any CPU
		{C1D739B1-79CB-4D42-8147-3A31D1B84868}.Release|Any CPU.Build.0 = Release|Any CPU
		{247C062D-8A16-4DD8-93B4-1D1C3D49B498}.Debug|Any CPU.ActiveCfg = Debug|Any CPU
		{247C062D-8A16-4DD8-93B4-1D1C3D49B498}.Debug|Any CPU.Build.0 = Debug|Any CPU
		{247C062D-8A16-4DD8-93B4-1D1C3D49B498}.Release|Any CPU.ActiveCfg = Release|Any CPU
		{247C062D-8A16-4DD8-93B4-1D1C3D49B498}.Release|Any CPU.Build.0 = Release|Any CPU
		{BBE830D7-3AD3-41D9-8257-8CAA06F38E40}.Debug|Any CPU.ActiveCfg = Debug|Any CPU
		{BBE830D7-3AD3-41D9-8257-8CAA06F38E40}.Debug|Any CPU.Build.0 = Debug|Any CPU
		{BBE830D7-3AD3-41D9-8257-8CAA06F38E40}.Release|Any CPU.ActiveCfg = Release|Any CPU
		{BBE830D7-3AD3-41D9-8257-8CAA06F38E40}.Release|Any CPU.Build.0 = Release|Any CPU
		{7DFE2D04-EA64-45C9-B5F6-89B435E7C8B6}.Debug|Any CPU.ActiveCfg = Debug|Any CPU
		{7DFE2D04-EA64-45C9-B5F6-89B435E7C8B6}.Debug|Any CPU.Build.0 = Debug|Any CPU
		{7DFE2D04-EA64-45C9-B5F6-89B435E7C8B6}.Release|Any CPU.ActiveCfg = Release|Any CPU
		{7DFE2D04-EA64-45C9-B5F6-89B435E7C8B6}.Release|Any CPU.Build.0 = Release|Any CPU
		{A8EDFB26-17B5-48C0-BF38-E521EF5476E4}.Debug|Any CPU.ActiveCfg = Debug|Any CPU
		{A8EDFB26-17B5-48C0-BF38-E521EF5476E4}.Debug|Any CPU.Build.0 = Debug|Any CPU
		{A8EDFB26-17B5-48C0-BF38-E521EF5476E4}.Release|Any CPU.ActiveCfg = Release|Any CPU
		{A8EDFB26-17B5-48C0-BF38-E521EF5476E4}.Release|Any CPU.Build.0 = Release|Any CPU
		{C3DBEB3F-490C-479C-9CE9-6AFBC4C1415D}.Debug|Any CPU.ActiveCfg = Debug|Any CPU
		{C3DBEB3F-490C-479C-9CE9-6AFBC4C1415D}.Debug|Any CPU.Build.0 = Debug|Any CPU
		{C3DBEB3F-490C-479C-9CE9-6AFBC4C1415D}.Release|Any CPU.ActiveCfg = Release|Any CPU
		{C3DBEB3F-490C-479C-9CE9-6AFBC4C1415D}.Release|Any CPU.Build.0 = Release|Any CPU
		{D45CAF59-5133-4995-AED2-EC6C3D41E3E3}.Debug|Any CPU.ActiveCfg = Debug|Any CPU
		{D45CAF59-5133-4995-AED2-EC6C3D41E3E3}.Debug|Any CPU.Build.0 = Debug|Any CPU
		{D45CAF59-5133-4995-AED2-EC6C3D41E3E3}.Release|Any CPU.ActiveCfg = Release|Any CPU
		{D45CAF59-5133-4995-AED2-EC6C3D41E3E3}.Release|Any CPU.Build.0 = Release|Any CPU
		{072C5F7C-4B75-46C9-A54D-774DA77ED1D1}.Debug|Any CPU.ActiveCfg = Debug|Any CPU
		{072C5F7C-4B75-46C9-A54D-774DA77ED1D1}.Debug|Any CPU.Build.0 = Debug|Any CPU
		{072C5F7C-4B75-46C9-A54D-774DA77ED1D1}.Release|Any CPU.ActiveCfg = Release|Any CPU
		{072C5F7C-4B75-46C9-A54D-774DA77ED1D1}.Release|Any CPU.Build.0 = Release|Any CPU
		{0FE19EFE-98D7-4243-A8CC-30BCFFFC4499}.Debug|Any CPU.ActiveCfg = Debug|Any CPU
		{0FE19EFE-98D7-4243-A8CC-30BCFFFC4499}.Debug|Any CPU.Build.0 = Debug|Any CPU
		{0FE19EFE-98D7-4243-A8CC-30BCFFFC4499}.Release|Any CPU.ActiveCfg = Release|Any CPU
		{0FE19EFE-98D7-4243-A8CC-30BCFFFC4499}.Release|Any CPU.Build.0 = Release|Any CPU
		{73CDDF96-B025-46F1-AFF1-121B3830AD81}.Debug|Any CPU.ActiveCfg = Debug|Any CPU
		{73CDDF96-B025-46F1-AFF1-121B3830AD81}.Debug|Any CPU.Build.0 = Debug|Any CPU
		{73CDDF96-B025-46F1-AFF1-121B3830AD81}.Release|Any CPU.ActiveCfg = Release|Any CPU
		{73CDDF96-B025-46F1-AFF1-121B3830AD81}.Release|Any CPU.Build.0 = Release|Any CPU
		{EABB9170-7F7C-404B-A248-DFB5A13879BA}.Debug|Any CPU.ActiveCfg = Debug|Any CPU
		{EABB9170-7F7C-404B-A248-DFB5A13879BA}.Debug|Any CPU.Build.0 = Debug|Any CPU
		{EABB9170-7F7C-404B-A248-DFB5A13879BA}.Release|Any CPU.ActiveCfg = Release|Any CPU
		{EABB9170-7F7C-404B-A248-DFB5A13879BA}.Release|Any CPU.Build.0 = Release|Any CPU
		{6E5AA962-D466-4E9E-B682-6BB9CD96B6F8}.Debug|Any CPU.ActiveCfg = Debug|Any CPU
		{6E5AA962-D466-4E9E-B682-6BB9CD96B6F8}.Debug|Any CPU.Build.0 = Debug|Any CPU
		{6E5AA962-D466-4E9E-B682-6BB9CD96B6F8}.Release|Any CPU.ActiveCfg = Release|Any CPU
		{6E5AA962-D466-4E9E-B682-6BB9CD96B6F8}.Release|Any CPU.Build.0 = Release|Any CPU
		{8FEFF18B-3546-4237-8FD1-9F184BC7B4C7}.Debug|Any CPU.ActiveCfg = Debug|Any CPU
		{8FEFF18B-3546-4237-8FD1-9F184BC7B4C7}.Debug|Any CPU.Build.0 = Debug|Any CPU
		{8FEFF18B-3546-4237-8FD1-9F184BC7B4C7}.Release|Any CPU.ActiveCfg = Release|Any CPU
		{8FEFF18B-3546-4237-8FD1-9F184BC7B4C7}.Release|Any CPU.Build.0 = Release|Any CPU
		{E98CB412-9684-4061-8E76-B6CD12A3C32A}.Debug|Any CPU.ActiveCfg = Debug|Any CPU
		{E98CB412-9684-4061-8E76-B6CD12A3C32A}.Debug|Any CPU.Build.0 = Debug|Any CPU
		{E98CB412-9684-4061-8E76-B6CD12A3C32A}.Release|Any CPU.ActiveCfg = Release|Any CPU
		{E98CB412-9684-4061-8E76-B6CD12A3C32A}.Release|Any CPU.Build.0 = Release|Any CPU
		{A1CF9560-A6A0-4270-9569-0D117AFA799C}.Debug|Any CPU.ActiveCfg = Debug|Any CPU
		{A1CF9560-A6A0-4270-9569-0D117AFA799C}.Debug|Any CPU.Build.0 = Debug|Any CPU
		{A1CF9560-A6A0-4270-9569-0D117AFA799C}.Release|Any CPU.ActiveCfg = Release|Any CPU
		{A1CF9560-A6A0-4270-9569-0D117AFA799C}.Release|Any CPU.Build.0 = Release|Any CPU
	EndGlobalSection
	GlobalSection(SolutionProperties) = preSolution
		HideSolutionNode = FALSE
	EndGlobalSection
	GlobalSection(NestedProjects) = preSolution
		{800A5906-C050-4E75-9D7C-0CB1C404A0F8} = {EAE139C2-B19C-4905-9117-8A4068ABD3D2}
		{94FEB14E-D123-486D-A24D-D2BE725D96E3} = {EAE139C2-B19C-4905-9117-8A4068ABD3D2}
		{E538B76A-513F-46D5-9F14-E35E79B484CA} = {EAE139C2-B19C-4905-9117-8A4068ABD3D2}
		{B03C69FA-F8AE-4037-B241-821DD00BC0E4} = {15D29FFD-6142-4DC5-AFFD-10BA0CA55C45}
		{87C7B091-95DA-4818-B4D5-DF403A483F53} = {15D29FFD-6142-4DC5-AFFD-10BA0CA55C45}
		{6E821949-A691-49DB-AC40-42D4CD759546} = {EAE139C2-B19C-4905-9117-8A4068ABD3D2}
		{5E0010F1-50B8-4FC5-A9C2-38D7DF73A0D2} = {15D29FFD-6142-4DC5-AFFD-10BA0CA55C45}
		{1B33E5B8-7162-4DA9-834F-4BE5E236CEBD} = {EAE139C2-B19C-4905-9117-8A4068ABD3D2}
		{22B296FE-26B4-4B84-8CF5-614F9D3716A6} = {15D29FFD-6142-4DC5-AFFD-10BA0CA55C45}
		{6650A6CC-3B56-4D86-8DAA-FD0C8830113A} = {15D29FFD-6142-4DC5-AFFD-10BA0CA55C45}
		{42F81858-3CE9-4C9B-BA36-378FE36600E1} = {EAE139C2-B19C-4905-9117-8A4068ABD3D2}
		{528DB00C-F8AE-4703-80E5-ECC37AC56A9E} = {15D29FFD-6142-4DC5-AFFD-10BA0CA55C45}
		{8B3DE868-8062-42C6-8D8A-A905A0D25DE4} = {EAE139C2-B19C-4905-9117-8A4068ABD3D2}
		{AFDF6339-EE03-4F76-BFB5-024713230D91} = {15D29FFD-6142-4DC5-AFFD-10BA0CA55C45}
		{0735CA29-50F0-4D29-9CDD-8121437D8170} = {EAE139C2-B19C-4905-9117-8A4068ABD3D2}
		{5D10A9EE-C328-43EC-B9EF-A6B683AD44C3} = {15D29FFD-6142-4DC5-AFFD-10BA0CA55C45}
		{4EB83447-271F-458D-8899-F2FB2C087CBE} = {EAE139C2-B19C-4905-9117-8A4068ABD3D2}
		{75C364C1-0785-4EDD-9DB8-B0B21F27573C} = {15D29FFD-6142-4DC5-AFFD-10BA0CA55C45}
		{84433C94-9CB7-4D6F-B2C1-C16B6F7F277C} = {EAE139C2-B19C-4905-9117-8A4068ABD3D2}
		{FB78D861-F3DF-412D-8A3D-D1756ADA39D4} = {15D29FFD-6142-4DC5-AFFD-10BA0CA55C45}
		{2051FCAC-D4C7-498D-B935-2E9E6DEA0C29} = {1B9A916F-DDAC-4675-B424-EDEDC1A58231}
		{D97693D7-6A83-4143-83D8-621AC545D961} = {1B9A916F-DDAC-4675-B424-EDEDC1A58231}
		{59F274B7-0FC5-4AD6-A8AE-27BF6F15CC12} = {EAE139C2-B19C-4905-9117-8A4068ABD3D2}
		{6181B889-81B0-4A1E-A29F-E20DCD8BFC1F} = {15D29FFD-6142-4DC5-AFFD-10BA0CA55C45}
		{CB7A2800-8E98-4CD5-A88A-832E03AF7ABF} = {EAE139C2-B19C-4905-9117-8A4068ABD3D2}
		{A52CC0A6-D860-418C-8B08-8A1388D96D71} = {EAE139C2-B19C-4905-9117-8A4068ABD3D2}
		{2B3B9594-5074-48CE-BFC5-DA02B56C16CA} = {EAE139C2-B19C-4905-9117-8A4068ABD3D2}
		{B20B4F10-E43C-4BCC-B30C-856234BEA09F} = {EAE139C2-B19C-4905-9117-8A4068ABD3D2}
		{8434A954-52E4-4C8E-81F6-502CA828507B} = {15D29FFD-6142-4DC5-AFFD-10BA0CA55C45}
		{38F19BA9-EA00-4EB5-952A-0FAF43FFAA3D} = {EAE139C2-B19C-4905-9117-8A4068ABD3D2}
		{979B426B-1083-48EC-902D-462DEE8127F8} = {1B9A916F-DDAC-4675-B424-EDEDC1A58231}
		{143DEC12-3B3E-421A-A724-D00BE552D546} = {1B9A916F-DDAC-4675-B424-EDEDC1A58231}
		{246B2AEE-EC8B-4BCA-A6AC-959F5651AE4F} = {1B9A916F-DDAC-4675-B424-EDEDC1A58231}
		{C139889D-F480-4AEE-BA76-81C73B97AD30} = {EAE139C2-B19C-4905-9117-8A4068ABD3D2}
		{FF6DDE2B-CF33-438F-BCC8-B1E109AB2472} = {15D29FFD-6142-4DC5-AFFD-10BA0CA55C45}
		{6A4C72BF-E818-45B1-9DD4-562C7C6F31C8} = {A6FF48E5-310A-4606-B435-D24B6B348F8C}
		{247C062D-8A16-4DD8-93B4-1D1C3D49B498} = {1B9A916F-DDAC-4675-B424-EDEDC1A58231}
		{BBE830D7-3AD3-41D9-8257-8CAA06F38E40} = {EAE139C2-B19C-4905-9117-8A4068ABD3D2}
		{7DFE2D04-EA64-45C9-B5F6-89B435E7C8B6} = {15D29FFD-6142-4DC5-AFFD-10BA0CA55C45}
		{A8EDFB26-17B5-48C0-BF38-E521EF5476E4} = {EAE139C2-B19C-4905-9117-8A4068ABD3D2}
		{D45CAF59-5133-4995-AED2-EC6C3D41E3E3} = {1B9A916F-DDAC-4675-B424-EDEDC1A58231}
		{A1DA94FF-5E0F-42F6-BC11-00680E4B9302} = {D73CF3DE-0673-4846-B68F-ECFB836F14ED}
		{072C5F7C-4B75-46C9-A54D-774DA77ED1D1} = {15D29FFD-6142-4DC5-AFFD-10BA0CA55C45}
		{0FE19EFE-98D7-4243-A8CC-30BCFFFC4499} = {EAE139C2-B19C-4905-9117-8A4068ABD3D2}
		{73CDDF96-B025-46F1-AFF1-121B3830AD81} = {EAE139C2-B19C-4905-9117-8A4068ABD3D2}
		{EABB9170-7F7C-404B-A248-DFB5A13879BA} = {EAE139C2-B19C-4905-9117-8A4068ABD3D2}
		{6E5AA962-D466-4E9E-B682-6BB9CD96B6F8} = {EAE139C2-B19C-4905-9117-8A4068ABD3D2}
		{8FEFF18B-3546-4237-8FD1-9F184BC7B4C7} = {1B9A916F-DDAC-4675-B424-EDEDC1A58231}
		{E98CB412-9684-4061-8E76-B6CD12A3C32A} = {1B9A916F-DDAC-4675-B424-EDEDC1A58231}
		{A1CF9560-A6A0-4270-9569-0D117AFA799C} = {1B9A916F-DDAC-4675-B424-EDEDC1A58231}
	EndGlobalSection
	GlobalSection(ExtensibilityGlobals) = postSolution
		SolutionGuid = {6C780ABA-5872-4B83-AD3F-A5BD423AD907}
	EndGlobalSection
EndGlobal
