
Microsoft Visual Studio Solution File, Format Version 12.00
# Visual Studio 15
VisualStudioVersion = 15.0.27004.2006
MinimumVisualStudioVersion = 10.0.40219.1
Project("{9A19103F-16F7-4668-BE54-9A1E7A4F7556}") = "FedKeyPairGen", "FedKeyPairGen\FedKeyPairGen.csproj", "{D490900F-E354-47E5-9AB3-B81BEAAECF6C}"
EndProject
Project("{2150E333-8FDC-42A3-9474-1A3956D46DE8}") = "assets", "assets", "{9DF56B6B-0A67-4765-BE75-E8D4FB90740E}"
	ProjectSection(SolutionItems) = preProject
		..\assets\sidechains.json = ..\assets\sidechains.json
	EndProjectSection
EndProject
Project("{9A19103F-16F7-4668-BE54-9A1E7A4F7556}") = "Stratis.FederatedPeg", "Stratis.FederatedPeg\Stratis.FederatedPeg.csproj", "{3269DDB3-8559-46FD-86F1-605870E268E4}"
EndProject
Project("{9A19103F-16F7-4668-BE54-9A1E7A4F7556}") = "Stratis.FederatedPeg.Tests", "Stratis.FederatedPeg.Tests\Stratis.FederatedPeg.Tests.csproj", "{D84F33A5-FAD8-438B-A244-97D8B7E4C6CE}"
EndProject
Project("{9A19103F-16F7-4668-BE54-9A1E7A4F7556}") = "Stratis.Bitcoin.Features.GeneralPurposeWallet", "Stratis.Bitcoin.Features.GeneralPurposeWallet\Stratis.Bitcoin.Features.GeneralPurposeWallet.csproj", "{CBD2F6F9-3915-4EE7-84A0-9A8648A605A1}"
EndProject
Project("{9A19103F-16F7-4668-BE54-9A1E7A4F7556}") = "Stratis.Bitcoin.Features.GeneralPurposeWallet.Tests", "Stratis.Bitcoin.Features.GeneralPurposeWallet.Tests\Stratis.Bitcoin.Features.GeneralPurposeWallet.Tests.csproj", "{6A92CD51-4195-44EA-96F3-ECA25E90842D}"
EndProject
Project("{9A19103F-16F7-4668-BE54-9A1E7A4F7556}") = "Stratis.FederatedPeg.Features.SidechainGeneratorServices", "Stratis.FederatedPeg.Features.SidechainGeneratorServices\Stratis.FederatedPeg.Features.SidechainGeneratorServices.csproj", "{96E904B8-D74F-426E-8DC0-5243989CA462}"
EndProject
Project("{9A19103F-16F7-4668-BE54-9A1E7A4F7556}") = "Stratis.FederatedPeg.Features.MainchainGeneratorServices", "Stratis.FederatedPeg.Features.MainchainGeneratorServices\Stratis.FederatedPeg.Features.MainchainGeneratorServices.csproj", "{BBBF2523-1429-463D-A136-5F136F83F050}"
EndProject
Project("{9A19103F-16F7-4668-BE54-9A1E7A4F7556}") = "Stratis.FederatedPeg.IntegrationTests", "Stratis.FederatedPeg.IntegrationTests\Stratis.FederatedPeg.IntegrationTests.csproj", "{7E7F4CEF-67DA-42FA-BE9E-C32582CA21CC}"
EndProject
Global
	GlobalSection(SolutionConfigurationPlatforms) = preSolution
		Debug|Any CPU = Debug|Any CPU
		Release|Any CPU = Release|Any CPU
	EndGlobalSection
	GlobalSection(ProjectConfigurationPlatforms) = postSolution
		{D490900F-E354-47E5-9AB3-B81BEAAECF6C}.Debug|Any CPU.ActiveCfg = Debug|Any CPU
		{D490900F-E354-47E5-9AB3-B81BEAAECF6C}.Debug|Any CPU.Build.0 = Debug|Any CPU
		{D490900F-E354-47E5-9AB3-B81BEAAECF6C}.Release|Any CPU.ActiveCfg = Release|Any CPU
		{D490900F-E354-47E5-9AB3-B81BEAAECF6C}.Release|Any CPU.Build.0 = Release|Any CPU
		{3269DDB3-8559-46FD-86F1-605870E268E4}.Debug|Any CPU.ActiveCfg = Debug|Any CPU
		{3269DDB3-8559-46FD-86F1-605870E268E4}.Debug|Any CPU.Build.0 = Debug|Any CPU
		{3269DDB3-8559-46FD-86F1-605870E268E4}.Release|Any CPU.ActiveCfg = Release|Any CPU
		{3269DDB3-8559-46FD-86F1-605870E268E4}.Release|Any CPU.Build.0 = Release|Any CPU
		{D84F33A5-FAD8-438B-A244-97D8B7E4C6CE}.Debug|Any CPU.ActiveCfg = Debug|Any CPU
		{D84F33A5-FAD8-438B-A244-97D8B7E4C6CE}.Debug|Any CPU.Build.0 = Debug|Any CPU
		{D84F33A5-FAD8-438B-A244-97D8B7E4C6CE}.Release|Any CPU.ActiveCfg = Release|Any CPU
		{D84F33A5-FAD8-438B-A244-97D8B7E4C6CE}.Release|Any CPU.Build.0 = Release|Any CPU
		{CBD2F6F9-3915-4EE7-84A0-9A8648A605A1}.Debug|Any CPU.ActiveCfg = Debug|Any CPU
		{CBD2F6F9-3915-4EE7-84A0-9A8648A605A1}.Debug|Any CPU.Build.0 = Debug|Any CPU
		{CBD2F6F9-3915-4EE7-84A0-9A8648A605A1}.Release|Any CPU.ActiveCfg = Release|Any CPU
		{CBD2F6F9-3915-4EE7-84A0-9A8648A605A1}.Release|Any CPU.Build.0 = Release|Any CPU
		{6A92CD51-4195-44EA-96F3-ECA25E90842D}.Debug|Any CPU.ActiveCfg = Debug|Any CPU
		{6A92CD51-4195-44EA-96F3-ECA25E90842D}.Release|Any CPU.ActiveCfg = Release|Any CPU
		{6A92CD51-4195-44EA-96F3-ECA25E90842D}.Release|Any CPU.Build.0 = Release|Any CPU
		{96E904B8-D74F-426E-8DC0-5243989CA462}.Debug|Any CPU.ActiveCfg = Debug|Any CPU
		{96E904B8-D74F-426E-8DC0-5243989CA462}.Debug|Any CPU.Build.0 = Debug|Any CPU
		{96E904B8-D74F-426E-8DC0-5243989CA462}.Release|Any CPU.ActiveCfg = Release|Any CPU
		{96E904B8-D74F-426E-8DC0-5243989CA462}.Release|Any CPU.Build.0 = Release|Any CPU
		{BBBF2523-1429-463D-A136-5F136F83F050}.Debug|Any CPU.ActiveCfg = Debug|Any CPU
		{BBBF2523-1429-463D-A136-5F136F83F050}.Debug|Any CPU.Build.0 = Debug|Any CPU
		{BBBF2523-1429-463D-A136-5F136F83F050}.Release|Any CPU.ActiveCfg = Release|Any CPU
		{BBBF2523-1429-463D-A136-5F136F83F050}.Release|Any CPU.Build.0 = Release|Any CPU
		{7E7F4CEF-67DA-42FA-BE9E-C32582CA21CC}.Debug|Any CPU.ActiveCfg = Debug|Any CPU
		{7E7F4CEF-67DA-42FA-BE9E-C32582CA21CC}.Debug|Any CPU.Build.0 = Debug|Any CPU
		{7E7F4CEF-67DA-42FA-BE9E-C32582CA21CC}.Release|Any CPU.ActiveCfg = Release|Any CPU
		{7E7F4CEF-67DA-42FA-BE9E-C32582CA21CC}.Release|Any CPU.Build.0 = Release|Any CPU
	EndGlobalSection
	GlobalSection(SolutionProperties) = preSolution
		HideSolutionNode = FALSE
	EndGlobalSection
	GlobalSection(ExtensibilityGlobals) = postSolution
		SolutionGuid = {3AFD64E3-699D-4C30-A995-07298E3E9B15}
	EndGlobalSection
	GlobalSection(TeamFoundationVersionControl) = preSolution
		SccNumberOfProjects = 6
		SccEnterpriseProvider = {4CA58AB2-18FA-4F8D-95D4-32DDF27D184C}
		SccTeamFoundationServer = https://stratisplatformuk.visualstudio.com/
		SccProjectUniqueName0 = FedKeyPairGen\\FedKeyPairGen.csproj
		SccProjectName0 = FedKeyPairGen
		SccAuxPath0 = https://stratisplatformuk.visualstudio.com
		SccLocalPath0 = FedKeyPairGen
		SccProvider0 = {4CA58AB2-18FA-4F8D-95D4-32DDF27D184C}
		SccProjectUniqueName1 = Stratis.FederatedPeg\\Stratis.FederatedPeg.csproj
		SccProjectName1 = Stratis.FederatedPeg
		SccAuxPath1 = https://stratisplatformuk.visualstudio.com
		SccLocalPath1 = Stratis.FederatedPeg
		SccProvider1 = {4CA58AB2-18FA-4F8D-95D4-32DDF27D184C}
		SccProjectUniqueName2 = Stratis.FederatedPeg.Tests\\Stratis.FederatedPeg.Tests.csproj
		SccProjectName2 = Stratis.FederatedPeg.Tests
		SccAuxPath2 = https://stratisplatformuk.visualstudio.com
		SccLocalPath2 = Stratis.FederatedPeg.Tests
		SccProvider2 = {4CA58AB2-18FA-4F8D-95D4-32DDF27D184C}
		SccProjectUniqueName3 = Stratis.FederatedPeg.Features.SidechainGeneratorServices\\Stratis.FederatedPeg.Features.SidechainGeneratorServices.csproj
		SccProjectName3 = Stratis.FederatedPeg.Features.SidechainGeneratorServices
		SccAuxPath3 = https://stratisplatformuk.visualstudio.com
		SccLocalPath3 = Stratis.FederatedPeg.Features.SidechainGeneratorServices
		SccProvider3 = {4CA58AB2-18FA-4F8D-95D4-32DDF27D184C}
		SccProjectUniqueName4 = Stratis.FederatedPeg.Features.MainchainGeneratorServices\\Stratis.FederatedPeg.Features.MainchainGeneratorServices.csproj
		SccProjectName4 = Stratis.FederatedPeg.Features.MainchainGeneratorServices
		SccAuxPath4 = https://stratisplatformuk.visualstudio.com
		SccLocalPath4 = Stratis.FederatedPeg.Features.MainchainGeneratorServices
		SccProvider4 = {4CA58AB2-18FA-4F8D-95D4-32DDF27D184C}
		SccProjectUniqueName5 = Stratis.FederatedPeg.IntegrationTests\\Stratis.FederatedPeg.IntegrationTests.csproj
		SccProjectName5 = Stratis.FederatedPeg.IntegrationTests
		SccAuxPath5 = https://stratisplatformuk.visualstudio.com
		SccLocalPath5 = Stratis.FederatedPeg.IntegrationTests
		SccProvider5 = {4CA58AB2-18FA-4F8D-95D4-32DDF27D184C}
	EndGlobalSection
EndGlobal
